
Microsoft Visual Studio Solution File, Format Version 12.00
# Visual Studio Version 17
VisualStudioVersion = 17.7.34009.444
MinimumVisualStudioVersion = 10.0.40219.1
Project("{FAE04EC0-301F-11D3-BF4B-00C04F79EFBC}") = "Lab4", "Lab4\Lab4.csproj", "{26D2032E-8B5B-4D4A-BD10-EFEE9B1411A1}"
EndProject
Project("{FAE04EC0-301F-11D3-BF4B-00C04F79EFBC}") = "Lab4bai2", "Lab4bai2\Lab4bai2.csproj", "{8214AE87-7C7B-4C4A-8DDF-4F3C7E7D76E3}"
EndProject
Project("{FAE04EC0-301F-11D3-BF4B-00C04F79EFBC}") = "Lab4bai3", "Lab4bai3\Lab4bai3.csproj", "{65E316AD-7DC3-4E74-B7CD-0C443CD13FF8}"
EndProject
Global
	GlobalSection(SolutionConfigurationPlatforms) = preSolution
		Debug|Any CPU = Debug|Any CPU
		Release|Any CPU = Release|Any CPU
	EndGlobalSection
	GlobalSection(ProjectConfigurationPlatforms) = postSolution
		{26D2032E-8B5B-4D4A-BD10-EFEE9B1411A1}.Debug|Any CPU.ActiveCfg = Debug|Any CPU
		{26D2032E-8B5B-4D4A-BD10-EFEE9B1411A1}.Debug|Any CPU.Build.0 = Debug|Any CPU
		{26D2032E-8B5B-4D4A-BD10-EFEE9B1411A1}.Release|Any CPU.ActiveCfg = Release|Any CPU
		{26D2032E-8B5B-4D4A-BD10-EFEE9B1411A1}.Release|Any CPU.Build.0 = Release|Any CPU
		{8214AE87-7C7B-4C4A-8DDF-4F3C7E7D76E3}.Debug|Any CPU.ActiveCfg = Debug|Any CPU
		{8214AE87-7C7B-4C4A-8DDF-4F3C7E7D76E3}.Debug|Any CPU.Build.0 = Debug|Any CPU
		{8214AE87-7C7B-4C4A-8DDF-4F3C7E7D76E3}.Release|Any CPU.ActiveCfg = Release|Any CPU
		{8214AE87-7C7B-4C4A-8DDF-4F3C7E7D76E3}.Release|Any CPU.Build.0 = Release|Any CPU
		{65E316AD-7DC3-4E74-B7CD-0C443CD13FF8}.Debug|Any CPU.ActiveCfg = Debug|Any CPU
		{65E316AD-7DC3-4E74-B7CD-0C443CD13FF8}.Debug|Any CPU.Build.0 = Debug|Any CPU
		{65E316AD-7DC3-4E74-B7CD-0C443CD13FF8}.Release|Any CPU.ActiveCfg = Release|Any CPU
		{65E316AD-7DC3-4E74-B7CD-0C443CD13FF8}.Release|Any CPU.Build.0 = Release|Any CPU
	EndGlobalSection
	GlobalSection(SolutionProperties) = preSolution
		HideSolutionNode = FALSE
	EndGlobalSection
	GlobalSection(ExtensibilityGlobals) = postSolution
		SolutionGuid = {F56F6CD9-8473-400C-8973-4B6C9104177F}
	EndGlobalSection
EndGlobal
